
Microsoft Visual Studio Solution File, Format Version 12.00
# Visual Studio 15
VisualStudioVersion = 15.0.27130.2027
MinimumVisualStudioVersion = 10.0.40219.1
Project("{8BC9CEB8-8B4A-11D0-8D11-00A0C91BC942}") = "renderer", "renderer.vcxproj", "{3CCFCA42-8758-40B5-8C88-DC7B034AD468}"
EndProject
Global
	GlobalSection(SolutionConfigurationPlatforms) = preSolution
		Debug|x64 = Debug|x64
		Debug|x86 = Debug|x86
		Release|x64 = Release|x64
		Release|x86 = Release|x86
	EndGlobalSection
	GlobalSection(ProjectConfigurationPlatforms) = postSolution
		{3CCFCA42-8758-40B5-8C88-DC7B034AD468}.Debug|x64.ActiveCfg = Debug|x64
		{3CCFCA42-8758-40B5-8C88-DC7B034AD468}.Debug|x64.Build.0 = Debug|x64
		{3CCFCA42-8758-40B5-8C88-DC7B034AD468}.Debug|x86.ActiveCfg = Debug|Win32
		{3CCFCA42-8758-40B5-8C88-DC7B034AD468}.Debug|x86.Build.0 = Debug|Win32
		{3CCFCA42-8758-40B5-8C88-DC7B034AD468}.Release|x64.ActiveCfg = Release|x64
		{3CCFCA42-8758-40B5-8C88-DC7B034AD468}.Release|x64.Build.0 = Release|x64
		{3CCFCA42-8758-40B5-8C88-DC7B034AD468}.Release|x86.ActiveCfg = Release|Win32
		{3CCFCA42-8758-40B5-8C88-DC7B034AD468}.Release|x86.Build.0 = Release|Win32
	EndGlobalSection
	GlobalSection(SolutionProperties) = preSolution
		HideSolutionNode = FALSE
	EndGlobalSection
	GlobalSection(ExtensibilityGlobals) = postSolution
		SolutionGuid = {D79290C4-9A52-484F-AF42-3BE7D70E2242}
	EndGlobalSection
EndGlobal
